
Microsoft Visual Studio Solution File, Format Version 12.00
# Visual Studio Version 16
VisualStudioVersion = 16.0.31105.61
MinimumVisualStudioVersion = 10.0.40219.1
Project("{FAE04EC0-301F-11D3-BF4B-00C04F79EFBC}") = "DesignPatterns.Singleton.Naive", "DesignPatterns.Singleton.Naive\DesignPatterns.Singleton.Naive.csproj", "{BAE4D036-11AA-4616-A1EC-A2BDDD7F36B8}"
EndProject
Project("{FAE04EC0-301F-11D3-BF4B-00C04F79EFBC}") = "DesignPatterns.Singleton.ThreadSafe", "DesignPatterns.Singleton.ThreadSafe\DesignPatterns.Singleton.ThreadSafe.csproj", "{D2595622-ED67-4C87-A483-ECF818DC5542}"
EndProject
Global
	GlobalSection(SolutionConfigurationPlatforms) = preSolution
		Debug|Any CPU = Debug|Any CPU
		Release|Any CPU = Release|Any CPU
	EndGlobalSection
	GlobalSection(ProjectConfigurationPlatforms) = postSolution
		{BAE4D036-11AA-4616-A1EC-A2BDDD7F36B8}.Debug|Any CPU.ActiveCfg = Debug|Any CPU
		{BAE4D036-11AA-4616-A1EC-A2BDDD7F36B8}.Debug|Any CPU.Build.0 = Debug|Any CPU
		{BAE4D036-11AA-4616-A1EC-A2BDDD7F36B8}.Release|Any CPU.ActiveCfg = Release|Any CPU
		{BAE4D036-11AA-4616-A1EC-A2BDDD7F36B8}.Release|Any CPU.Build.0 = Release|Any CPU
		{D2595622-ED67-4C87-A483-ECF818DC5542}.Debug|Any CPU.ActiveCfg = Debug|Any CPU
		{D2595622-ED67-4C87-A483-ECF818DC5542}.Debug|Any CPU.Build.0 = Debug|Any CPU
		{D2595622-ED67-4C87-A483-ECF818DC5542}.Release|Any CPU.ActiveCfg = Release|Any CPU
		{D2595622-ED67-4C87-A483-ECF818DC5542}.Release|Any CPU.Build.0 = Release|Any CPU
	EndGlobalSection
	GlobalSection(SolutionProperties) = preSolution
		HideSolutionNode = FALSE
	EndGlobalSection
	GlobalSection(ExtensibilityGlobals) = postSolution
		SolutionGuid = {9A62018F-2CC1-4D1B-B60B-5218CF37B2BA}
	EndGlobalSection
EndGlobal
